// !$*UTF8*$!
{
	archiveVersion = 1;
	classes = {
	};
	objectVersion = 46;
	objects = {

/* Begin PBXAggregateTarget section */
		"Euler::EulerPackageTests::ProductTarget" /* EulerPackageTests */ = {
			isa = PBXAggregateTarget;
			buildConfigurationList = OBJ_31 /* Build configuration list for PBXAggregateTarget "EulerPackageTests" */;
			buildPhases = (
			);
			dependencies = (
				OBJ_34 /* PBXTargetDependency */,
			);
			name = EulerPackageTests;
			productName = EulerPackageTests;
		};
/* End PBXAggregateTarget section */

/* Begin PBXBuildFile section */
		F831CE9B20E6668C00FBFF55 /* Logic.swift in Sources */ = {isa = PBXBuildFile; fileRef = F831CE9A20E6668C00FBFF55 /* Logic.swift */; };
		F831CE9D20E666AF00FBFF55 /* Arithmetic.swift in Sources */ = {isa = PBXBuildFile; fileRef = F831CE9C20E666AF00FBFF55 /* Arithmetic.swift */; };
		F831CE9F20E666FB00FBFF55 /* Sets.swift in Sources */ = {isa = PBXBuildFile; fileRef = F831CE9E20E666FB00FBFF55 /* Sets.swift */; };
		F831CEA120E6672300FBFF55 /* Sequences.swift in Sources */ = {isa = PBXBuildFile; fileRef = F831CEA020E6672300FBFF55 /* Sequences.swift */; };
		F831CEA320E6673700FBFF55 /* Vectors.swift in Sources */ = {isa = PBXBuildFile; fileRef = F831CEA220E6673700FBFF55 /* Vectors.swift */; };
		F831CEA520E66F6000FBFF55 /* Constants.swift in Sources */ = {isa = PBXBuildFile; fileRef = F831CEA420E66F6000FBFF55 /* Constants.swift */; };
		F831CEA720E66FC400FBFF55 /* Comparison.swift in Sources */ = {isa = PBXBuildFile; fileRef = F831CEA620E66FC400FBFF55 /* Comparison.swift */; };
		F831CEA920E6708300FBFF55 /* Calculus.swift in Sources */ = {isa = PBXBuildFile; fileRef = F831CEA820E6708300FBFF55 /* Calculus.swift */; };
		F831CEAB20E6709000FBFF55 /* Functions.swift in Sources */ = {isa = PBXBuildFile; fileRef = F831CEAA20E6709000FBFF55 /* Functions.swift */; };
		F831CEAD20E6737D00FBFF55 /* LogicTests.swift in Sources */ = {isa = PBXBuildFile; fileRef = F831CEAC20E6737D00FBFF55 /* LogicTests.swift */; };
		F854C093231990D100E3418B /* ArithmeticTests.swift in Sources */ = {isa = PBXBuildFile; fileRef = F854C092231990D100E3418B /* ArithmeticTests.swift */; };
		F854C0972319992B00E3418B /* SetsTests.swift in Sources */ = {isa = PBXBuildFile; fileRef = F854C0962319992B00E3418B /* SetsTests.swift */; };
		F854C09923199ED500E3418B /* SequencesTests.swift in Sources */ = {isa = PBXBuildFile; fileRef = F854C09823199ED500E3418B /* SequencesTests.swift */; };
		OBJ_29 /* Package.swift in Sources */ = {isa = PBXBuildFile; fileRef = OBJ_6 /* Package.swift */; };
		OBJ_40 /* ConstantsTests.swift in Sources */ = {isa = PBXBuildFile; fileRef = OBJ_12 /* ConstantsTests.swift */; };
		OBJ_41 /* XCTestManifests.swift in Sources */ = {isa = PBXBuildFile; fileRef = OBJ_13 /* XCTestManifests.swift */; };
		OBJ_43 /* Euler.framework in Frameworks */ = {isa = PBXBuildFile; fileRef = "Euler::Euler::Product" /* Euler.framework */; };
/* End PBXBuildFile section */

/* Begin PBXContainerItemProxy section */
		F831CE9820E6661B00FBFF55 /* PBXContainerItemProxy */ = {
			isa = PBXContainerItemProxy;
			containerPortal = OBJ_1 /* Project object */;
			proxyType = 1;
			remoteGlobalIDString = "Euler::Euler";
			remoteInfo = Euler;
		};
		F831CE9920E6661C00FBFF55 /* PBXContainerItemProxy */ = {
			isa = PBXContainerItemProxy;
			containerPortal = OBJ_1 /* Project object */;
			proxyType = 1;
			remoteGlobalIDString = "Euler::EulerTests";
			remoteInfo = EulerTests;
		};
/* End PBXContainerItemProxy section */

/* Begin PBXFileReference section */
		"Euler::Euler::Product" /* Euler.framework */ = {isa = PBXFileReference; lastKnownFileType = wrapper.framework; path = Euler.framework; sourceTree = BUILT_PRODUCTS_DIR; };
		"Euler::EulerTests::Product" /* EulerTests.xctest */ = {isa = PBXFileReference; lastKnownFileType = file; path = EulerTests.xctest; sourceTree = BUILT_PRODUCTS_DIR; };
		F831CE9A20E6668C00FBFF55 /* Logic.swift */ = {isa = PBXFileReference; lastKnownFileType = sourcecode.swift; path = Logic.swift; sourceTree = "<group>"; };
		F831CE9C20E666AF00FBFF55 /* Arithmetic.swift */ = {isa = PBXFileReference; lastKnownFileType = sourcecode.swift; path = Arithmetic.swift; sourceTree = "<group>"; };
		F831CE9E20E666FB00FBFF55 /* Sets.swift */ = {isa = PBXFileReference; lastKnownFileType = sourcecode.swift; path = Sets.swift; sourceTree = "<group>"; };
		F831CEA020E6672300FBFF55 /* Sequences.swift */ = {isa = PBXFileReference; lastKnownFileType = sourcecode.swift; path = Sequences.swift; sourceTree = "<group>"; };
		F831CEA220E6673700FBFF55 /* Vectors.swift */ = {isa = PBXFileReference; lastKnownFileType = sourcecode.swift; path = Vectors.swift; sourceTree = "<group>"; };
		F831CEA420E66F6000FBFF55 /* Constants.swift */ = {isa = PBXFileReference; lastKnownFileType = sourcecode.swift; path = Constants.swift; sourceTree = "<group>"; };
		F831CEA620E66FC400FBFF55 /* Comparison.swift */ = {isa = PBXFileReference; lastKnownFileType = sourcecode.swift; path = Comparison.swift; sourceTree = "<group>"; };
		F831CEA820E6708300FBFF55 /* Calculus.swift */ = {isa = PBXFileReference; lastKnownFileType = sourcecode.swift; path = Calculus.swift; sourceTree = "<group>"; };
		F831CEAA20E6709000FBFF55 /* Functions.swift */ = {isa = PBXFileReference; lastKnownFileType = sourcecode.swift; path = Functions.swift; sourceTree = "<group>"; };
		F831CEAC20E6737D00FBFF55 /* LogicTests.swift */ = {isa = PBXFileReference; lastKnownFileType = sourcecode.swift; path = LogicTests.swift; sourceTree = "<group>"; };
		F854C092231990D100E3418B /* ArithmeticTests.swift */ = {isa = PBXFileReference; lastKnownFileType = sourcecode.swift; path = ArithmeticTests.swift; sourceTree = "<group>"; };
		F854C0962319992B00E3418B /* SetsTests.swift */ = {isa = PBXFileReference; lastKnownFileType = sourcecode.swift; path = SetsTests.swift; sourceTree = "<group>"; };
		F854C09823199ED500E3418B /* SequencesTests.swift */ = {isa = PBXFileReference; lastKnownFileType = sourcecode.swift; path = SequencesTests.swift; sourceTree = "<group>"; };
		OBJ_12 /* ConstantsTests.swift */ = {isa = PBXFileReference; lastKnownFileType = sourcecode.swift; path = ConstantsTests.swift; sourceTree = "<group>"; };
		OBJ_13 /* XCTestManifests.swift */ = {isa = PBXFileReference; lastKnownFileType = sourcecode.swift; path = XCTestManifests.swift; sourceTree = "<group>"; };
		OBJ_6 /* Package.swift */ = {isa = PBXFileReference; explicitFileType = sourcecode.swift; path = Package.swift; sourceTree = "<group>"; };
/* End PBXFileReference section */

/* Begin PBXFrameworksBuildPhase section */
		OBJ_23 /* Frameworks */ = {
			isa = PBXFrameworksBuildPhase;
			buildActionMask = 0;
			files = (
			);
			runOnlyForDeploymentPostprocessing = 0;
		};
		OBJ_42 /* Frameworks */ = {
			isa = PBXFrameworksBuildPhase;
			buildActionMask = 0;
			files = (
				OBJ_43 /* Euler.framework in Frameworks */,
			);
			runOnlyForDeploymentPostprocessing = 0;
		};
/* End PBXFrameworksBuildPhase section */

/* Begin PBXGroup section */
		OBJ_10 /* Tests */ = {
			isa = PBXGroup;
			children = (
				OBJ_11 /* EulerTests */,
			);
			name = Tests;
			sourceTree = SOURCE_ROOT;
		};
		OBJ_11 /* EulerTests */ = {
			isa = PBXGroup;
			children = (
				OBJ_12 /* ConstantsTests.swift */,
				F831CEAC20E6737D00FBFF55 /* LogicTests.swift */,
				F854C092231990D100E3418B /* ArithmeticTests.swift */,
				F854C0962319992B00E3418B /* SetsTests.swift */,
				F854C09823199ED500E3418B /* SequencesTests.swift */,
				OBJ_13 /* XCTestManifests.swift */,
			);
			name = EulerTests;
			path = Tests/EulerTests;
			sourceTree = SOURCE_ROOT;
		};
		OBJ_14 /* Products */ = {
			isa = PBXGroup;
			children = (
				"Euler::EulerTests::Product" /* EulerTests.xctest */,
				"Euler::Euler::Product" /* Euler.framework */,
			);
			name = Products;
			sourceTree = BUILT_PRODUCTS_DIR;
		};
		OBJ_5 = {
			isa = PBXGroup;
			children = (
				OBJ_6 /* Package.swift */,
				OBJ_7 /* Sources */,
				OBJ_10 /* Tests */,
				OBJ_14 /* Products */,
			);
			sourceTree = "<group>";
		};
		OBJ_7 /* Sources */ = {
			isa = PBXGroup;
			children = (
				OBJ_8 /* Euler */,
			);
			name = Sources;
			sourceTree = SOURCE_ROOT;
		};
		OBJ_8 /* Euler */ = {
			isa = PBXGroup;
			children = (
				F831CEA420E66F6000FBFF55 /* Constants.swift */,
				F831CE9A20E6668C00FBFF55 /* Logic.swift */,
				F831CE9C20E666AF00FBFF55 /* Arithmetic.swift */,
				F831CE9E20E666FB00FBFF55 /* Sets.swift */,
				F831CEA020E6672300FBFF55 /* Sequences.swift */,
				F831CEA220E6673700FBFF55 /* Vectors.swift */,
				F831CEA620E66FC400FBFF55 /* Comparison.swift */,
				F831CEA820E6708300FBFF55 /* Calculus.swift */,
				F831CEAA20E6709000FBFF55 /* Functions.swift */,
			);
			name = Euler;
			path = Sources/Euler;
			sourceTree = SOURCE_ROOT;
		};
/* End PBXGroup section */

/* Begin PBXNativeTarget section */
		"Euler::Euler" /* Euler */ = {
			isa = PBXNativeTarget;
			buildConfigurationList = OBJ_18 /* Build configuration list for PBXNativeTarget "Euler" */;
			buildPhases = (
				OBJ_21 /* Sources */,
				OBJ_23 /* Frameworks */,
			);
			buildRules = (
			);
			dependencies = (
			);
			name = Euler;
			productName = Euler;
			productReference = "Euler::Euler::Product" /* Euler.framework */;
			productType = "com.apple.product-type.framework";
		};
		"Euler::EulerTests" /* EulerTests */ = {
			isa = PBXNativeTarget;
			buildConfigurationList = OBJ_36 /* Build configuration list for PBXNativeTarget "EulerTests" */;
			buildPhases = (
				OBJ_39 /* Sources */,
				OBJ_42 /* Frameworks */,
			);
			buildRules = (
			);
			dependencies = (
				OBJ_44 /* PBXTargetDependency */,
			);
			name = EulerTests;
			productName = EulerTests;
			productReference = "Euler::EulerTests::Product" /* EulerTests.xctest */;
			productType = "com.apple.product-type.bundle.unit-test";
		};
		"Euler::SwiftPMPackageDescription" /* EulerPackageDescription */ = {
			isa = PBXNativeTarget;
			buildConfigurationList = OBJ_25 /* Build configuration list for PBXNativeTarget "EulerPackageDescription" */;
			buildPhases = (
				OBJ_28 /* Sources */,
			);
			buildRules = (
			);
			dependencies = (
			);
			name = EulerPackageDescription;
			productName = EulerPackageDescription;
			productType = "com.apple.product-type.framework";
		};
/* End PBXNativeTarget section */

/* Begin PBXProject section */
		OBJ_1 /* Project object */ = {
			isa = PBXProject;
			attributes = {
				LastUpgradeCheck = 9999;
			};
			buildConfigurationList = OBJ_2 /* Build configuration list for PBXProject "Euler" */;
			compatibilityVersion = "Xcode 3.2";
			developmentRegion = English;
			hasScannedForEncodings = 0;
			knownRegions = (
				English,
				en,
			);
			mainGroup = OBJ_5;
			productRefGroup = OBJ_14 /* Products */;
			projectDirPath = "";
			projectRoot = "";
			targets = (
				"Euler::Euler" /* Euler */,
				"Euler::SwiftPMPackageDescription" /* EulerPackageDescription */,
				"Euler::EulerPackageTests::ProductTarget" /* EulerPackageTests */,
				"Euler::EulerTests" /* EulerTests */,
			);
		};
/* End PBXProject section */

/* Begin PBXSourcesBuildPhase section */
		OBJ_21 /* Sources */ = {
			isa = PBXSourcesBuildPhase;
			buildActionMask = 0;
			files = (
				F831CEA920E6708300FBFF55 /* Calculus.swift in Sources */,
				F831CE9D20E666AF00FBFF55 /* Arithmetic.swift in Sources */,
				F831CE9F20E666FB00FBFF55 /* Sets.swift in Sources */,
				F831CEAB20E6709000FBFF55 /* Functions.swift in Sources */,
				F831CE9B20E6668C00FBFF55 /* Logic.swift in Sources */,
				F831CEA120E6672300FBFF55 /* Sequences.swift in Sources */,
				F831CEA520E66F6000FBFF55 /* Constants.swift in Sources */,
				F831CEA320E6673700FBFF55 /* Vectors.swift in Sources */,
				F831CEA720E66FC400FBFF55 /* Comparison.swift in Sources */,
			);
			runOnlyForDeploymentPostprocessing = 0;
		};
		OBJ_28 /* Sources */ = {
			isa = PBXSourcesBuildPhase;
			buildActionMask = 0;
			files = (
				OBJ_29 /* Package.swift in Sources */,
			);
			runOnlyForDeploymentPostprocessing = 0;
		};
		OBJ_39 /* Sources */ = {
			isa = PBXSourcesBuildPhase;
			buildActionMask = 0;
			files = (
				OBJ_40 /* ConstantsTests.swift in Sources */,
				F854C0972319992B00E3418B /* SetsTests.swift in Sources */,
				F854C093231990D100E3418B /* ArithmeticTests.swift in Sources */,
				OBJ_41 /* XCTestManifests.swift in Sources */,
				F854C09923199ED500E3418B /* SequencesTests.swift in Sources */,
				F831CEAD20E6737D00FBFF55 /* LogicTests.swift in Sources */,
			);
			runOnlyForDeploymentPostprocessing = 0;
		};
/* End PBXSourcesBuildPhase section */

/* Begin PBXTargetDependency section */
		OBJ_34 /* PBXTargetDependency */ = {
			isa = PBXTargetDependency;
			target = "Euler::EulerTests" /* EulerTests */;
			targetProxy = F831CE9920E6661C00FBFF55 /* PBXContainerItemProxy */;
		};
		OBJ_44 /* PBXTargetDependency */ = {
			isa = PBXTargetDependency;
			target = "Euler::Euler" /* Euler */;
			targetProxy = F831CE9820E6661B00FBFF55 /* PBXContainerItemProxy */;
		};
/* End PBXTargetDependency section */

/* Begin XCBuildConfiguration section */
		OBJ_19 /* Debug */ = {
			isa = XCBuildConfiguration;
			buildSettings = {
				ENABLE_TESTABILITY = YES;
				FRAMEWORK_SEARCH_PATHS = (
					"$(inherited)",
					"$(PLATFORM_DIR)/Developer/Library/Frameworks",
				);
				HEADER_SEARCH_PATHS = "$(inherited)";
				INFOPLIST_FILE = Euler.xcodeproj/Euler_Info.plist;
				LD_RUNPATH_SEARCH_PATHS = "$(inherited) $(TOOLCHAIN_DIR)/usr/lib/swift/macosx";
				OTHER_CFLAGS = "$(inherited)";
				OTHER_LDFLAGS = "$(inherited)";
				OTHER_SWIFT_FLAGS = "$(inherited)";
				PRODUCT_BUNDLE_IDENTIFIER = Euler;
				PRODUCT_MODULE_NAME = "$(TARGET_NAME:c99extidentifier)";
				PRODUCT_NAME = "$(TARGET_NAME:c99extidentifier)";
				SKIP_INSTALL = YES;
				SWIFT_ACTIVE_COMPILATION_CONDITIONS = "$(inherited)";
				SWIFT_VERSION = 4.2.0;
				TARGET_NAME = Euler;
			};
			name = Debug;
		};
		OBJ_20 /* Release */ = {
			isa = XCBuildConfiguration;
			buildSettings = {
				ENABLE_TESTABILITY = YES;
				FRAMEWORK_SEARCH_PATHS = (
					"$(inherited)",
					"$(PLATFORM_DIR)/Developer/Library/Frameworks",
				);
				HEADER_SEARCH_PATHS = "$(inherited)";
				INFOPLIST_FILE = Euler.xcodeproj/Euler_Info.plist;
				LD_RUNPATH_SEARCH_PATHS = "$(inherited) $(TOOLCHAIN_DIR)/usr/lib/swift/macosx";
				OTHER_CFLAGS = "$(inherited)";
				OTHER_LDFLAGS = "$(inherited)";
				OTHER_SWIFT_FLAGS = "$(inherited)";
				PRODUCT_BUNDLE_IDENTIFIER = Euler;
				PRODUCT_MODULE_NAME = "$(TARGET_NAME:c99extidentifier)";
				PRODUCT_NAME = "$(TARGET_NAME:c99extidentifier)";
				SKIP_INSTALL = YES;
				SWIFT_ACTIVE_COMPILATION_CONDITIONS = "$(inherited)";
				SWIFT_VERSION = 4.2.0;
				TARGET_NAME = Euler;
			};
			name = Release;
		};
		OBJ_26 /* Debug */ = {
			isa = XCBuildConfiguration;
			buildSettings = {
				LD = /usr/bin/true;
				OTHER_SWIFT_FLAGS = "-swift-version 4.2 -I $(TOOLCHAIN_DIR)/usr/lib/swift/pm/4_2 -target x86_64-apple-macosx10.10 -sdk /Applications/Xcode-beta.app/Contents/Developer/Platforms/MacOSX.platform/Developer/SDKs/MacOSX10.14.sdk";
				SWIFT_VERSION = 4_2.0;
			};
			name = Debug;
		};
		OBJ_27 /* Release */ = {
			isa = XCBuildConfiguration;
			buildSettings = {
				LD = /usr/bin/true;
				OTHER_SWIFT_FLAGS = "-swift-version 4.2 -I $(TOOLCHAIN_DIR)/usr/lib/swift/pm/4_2 -target x86_64-apple-macosx10.10 -sdk /Applications/Xcode-beta.app/Contents/Developer/Platforms/MacOSX.platform/Developer/SDKs/MacOSX10.14.sdk";
				SWIFT_VERSION = 4_2.0;
			};
			name = Release;
		};
		OBJ_3 /* Debug */ = {
			isa = XCBuildConfiguration;
			buildSettings = {
				CLANG_ENABLE_OBJC_ARC = YES;
				COMBINE_HIDPI_IMAGES = YES;
				COPY_PHASE_STRIP = NO;
				DEBUG_INFORMATION_FORMAT = dwarf;
				DYLIB_INSTALL_NAME_BASE = "@rpath";
				ENABLE_NS_ASSERTIONS = YES;
				GCC_OPTIMIZATION_LEVEL = 0;
				GCC_PREPROCESSOR_DEFINITIONS = (
					"DEBUG=1",
					"$(inherited)",
				);
				MACOSX_DEPLOYMENT_TARGET = 10.10;
				ONLY_ACTIVE_ARCH = YES;
				OTHER_SWIFT_FLAGS = "-DXcode";
				PRODUCT_NAME = "$(TARGET_NAME)";
				SDKROOT = macosx;
				SUPPORTED_PLATFORMS = "macosx iphoneos iphonesimulator appletvos appletvsimulator watchos watchsimulator";
				SWIFT_ACTIVE_COMPILATION_CONDITIONS = DEBUG;
				SWIFT_OPTIMIZATION_LEVEL = "-Onone";
				USE_HEADERMAP = NO;
			};
			name = Debug;
		};
		OBJ_32 /* Debug */ = {
			isa = XCBuildConfiguration;
			buildSettings = {
			};
			name = Debug;
		};
		OBJ_33 /* Release */ = {
			isa = XCBuildConfiguration;
			buildSettings = {
			};
			name = Release;
		};
		OBJ_37 /* Debug */ = {
			isa = XCBuildConfiguration;
			buildSettings = {
				EMBEDDED_CONTENT_CONTAINS_SWIFT = YES;
				FRAMEWORK_SEARCH_PATHS = (
					"$(inherited)",
					"$(PLATFORM_DIR)/Developer/Library/Frameworks",
				);
				HEADER_SEARCH_PATHS = "$(inherited)";
				INFOPLIST_FILE = Euler.xcodeproj/EulerTests_Info.plist;
				LD_RUNPATH_SEARCH_PATHS = "$(inherited) @loader_path/../Frameworks @loader_path/Frameworks";
				OTHER_CFLAGS = "$(inherited)";
				OTHER_LDFLAGS = "$(inherited)";
				OTHER_SWIFT_FLAGS = "$(inherited)";
				SWIFT_ACTIVE_COMPILATION_CONDITIONS = "$(inherited)";
				SWIFT_VERSION = 4.2.0;
				TARGET_NAME = EulerTests;
			};
			name = Debug;
		};
		OBJ_38 /* Release */ = {
			isa = XCBuildConfiguration;
			buildSettings = {
				EMBEDDED_CONTENT_CONTAINS_SWIFT = YES;
				FRAMEWORK_SEARCH_PATHS = (
					"$(inherited)",
					"$(PLATFORM_DIR)/Developer/Library/Frameworks",
				);
				HEADER_SEARCH_PATHS = "$(inherited)";
				INFOPLIST_FILE = Euler.xcodeproj/EulerTests_Info.plist;
				LD_RUNPATH_SEARCH_PATHS = "$(inherited) @loader_path/../Frameworks @loader_path/Frameworks";
				OTHER_CFLAGS = "$(inherited)";
				OTHER_LDFLAGS = "$(inherited)";
				OTHER_SWIFT_FLAGS = "$(inherited)";
				SWIFT_ACTIVE_COMPILATION_CONDITIONS = "$(inherited)";
				SWIFT_VERSION = 4.2.0;
				TARGET_NAME = EulerTests;
			};
			name = Release;
		};
		OBJ_4 /* Release */ = {
			isa = XCBuildConfiguration;
			buildSettings = {
				CLANG_ENABLE_OBJC_ARC = YES;
				COMBINE_HIDPI_IMAGES = YES;
				COPY_PHASE_STRIP = YES;
				DEBUG_INFORMATION_FORMAT = "dwarf-with-dsym";
				DYLIB_INSTALL_NAME_BASE = "@rpath";
				GCC_OPTIMIZATION_LEVEL = s;
				MACOSX_DEPLOYMENT_TARGET = 10.10;
				OTHER_SWIFT_FLAGS = "-DXcode";
				PRODUCT_NAME = "$(TARGET_NAME)";
				SDKROOT = macosx;
				SUPPORTED_PLATFORMS = "macosx iphoneos iphonesimulator appletvos appletvsimulator watchos watchsimulator";
				SWIFT_ACTIVE_COMPILATION_CONDITIONS = SWIFT_PACKAGE;
				SWIFT_OPTIMIZATION_LEVEL = "-Owholemodule";
				USE_HEADERMAP = NO;
			};
			name = Release;
		};
/* End XCBuildConfiguration section */

/* Begin XCConfigurationList section */
		OBJ_18 /* Build configuration list for PBXNativeTarget "Euler" */ = {
			isa = XCConfigurationList;
			buildConfigurations = (
				OBJ_19 /* Debug */,
				OBJ_20 /* Release */,
			);
			defaultConfigurationIsVisible = 0;
			defaultConfigurationName = Release;
		};
		OBJ_2 /* Build configuration list for PBXProject "Euler" */ = {
			isa = XCConfigurationList;
			buildConfigurations = (
				OBJ_3 /* Debug */,
				OBJ_4 /* Release */,
			);
			defaultConfigurationIsVisible = 0;
			defaultConfigurationName = Release;
		};
		OBJ_25 /* Build configuration list for PBXNativeTarget "EulerPackageDescription" */ = {
			isa = XCConfigurationList;
			buildConfigurations = (
				OBJ_26 /* Debug */,
				OBJ_27 /* Release */,
			);
			defaultConfigurationIsVisible = 0;
			defaultConfigurationName = Release;
		};
		OBJ_31 /* Build configuration list for PBXAggregateTarget "EulerPackageTests" */ = {
			isa = XCConfigurationList;
			buildConfigurations = (
				OBJ_32 /* Debug */,
				OBJ_33 /* Release */,
			);
			defaultConfigurationIsVisible = 0;
			defaultConfigurationName = Release;
		};
		OBJ_36 /* Build configuration list for PBXNativeTarget "EulerTests" */ = {
			isa = XCConfigurationList;
			buildConfigurations = (
				OBJ_37 /* Debug */,
				OBJ_38 /* Release */,
			);
			defaultConfigurationIsVisible = 0;
			defaultConfigurationName = Release;
		};
/* End XCConfigurationList section */
	};
	rootObject = OBJ_1 /* Project object */;
}
